// !$*UTF8*$!
{
	archiveVersion = 1;
	classes = {
	};
	objectVersion = 51;
	objects = {

/* Begin PBXBuildFile section */
		51E794A54FEF7D7C71A0A2E8 /* Pods_flixterTests.framework in Frameworks */ = {isa = PBXBuildFile; fileRef = BBE12F2173FE14C0F2744D11 /* Pods_flixterTests.framework */; };
		A5609BE00E43F4EFE8422C1E /* Pods_flixter_flixterUITests.framework in Frameworks */ = {isa = PBXBuildFile; fileRef = FF4B6788E888431D833E92B9 /* Pods_flixter_flixterUITests.framework */; };
		ECB06ECC09116B184515690C /* Pods_flixter.framework in Frameworks */ = {isa = PBXBuildFile; fileRef = 82C54FE5214652C51D223A94 /* Pods_flixter.framework */; };
		F65C08CB25D0DECC00FB806D /* AppDelegate.swift in Sources */ = {isa = PBXBuildFile; fileRef = F65C08CA25D0DECC00FB806D /* AppDelegate.swift */; };
		F65C08CD25D0DECC00FB806D /* SceneDelegate.swift in Sources */ = {isa = PBXBuildFile; fileRef = F65C08CC25D0DECC00FB806D /* SceneDelegate.swift */; };
		F65C08CF25D0DECC00FB806D /* ViewController.swift in Sources */ = {isa = PBXBuildFile; fileRef = F65C08CE25D0DECC00FB806D /* ViewController.swift */; };
		F65C08D225D0DECC00FB806D /* Main.storyboard in Resources */ = {isa = PBXBuildFile; fileRef = F65C08D025D0DECC00FB806D /* Main.storyboard */; };
		F65C08D425D0DED000FB806D /* Assets.xcassets in Resources */ = {isa = PBXBuildFile; fileRef = F65C08D325D0DED000FB806D /* Assets.xcassets */; };
		F65C08D725D0DED000FB806D /* LaunchScreen.storyboard in Resources */ = {isa = PBXBuildFile; fileRef = F65C08D525D0DED000FB806D /* LaunchScreen.storyboard */; };
		F65C08E225D0DED000FB806D /* flixterTests.swift in Sources */ = {isa = PBXBuildFile; fileRef = F65C08E125D0DED000FB806D /* flixterTests.swift */; };
		F65C08ED25D0DED000FB806D /* flixterUITests.swift in Sources */ = {isa = PBXBuildFile; fileRef = F65C08EC25D0DED000FB806D /* flixterUITests.swift */; };
		F65C090125D1028A00FB806D /* MoviesViewController.swift in Sources */ = {isa = PBXBuildFile; fileRef = F65C090025D1028A00FB806D /* MoviesViewController.swift */; };
		F65C090625D1161500FB806D /* MovieCell.swift in Sources */ = {isa = PBXBuildFile; fileRef = F65C090525D1161500FB806D /* MovieCell.swift */; };
		F665430F25D7A03D00FE981F /* MovieDetailsViewController.swift in Sources */ = {isa = PBXBuildFile; fileRef = F665430E25D7A03D00FE981F /* MovieDetailsViewController.swift */; };
		F665431425D7BABF00FE981F /* MovieGridViewController.swift in Sources */ = {isa = PBXBuildFile; fileRef = F665431325D7BABF00FE981F /* MovieGridViewController.swift */; };
		F665431925D7CA2800FE981F /* MovieGridCell.swift in Sources */ = {isa = PBXBuildFile; fileRef = F665431825D7CA2800FE981F /* MovieGridCell.swift */; };
/* End PBXBuildFile section */

/* Begin PBXContainerItemProxy section */
		F65C08DE25D0DED000FB806D /* PBXContainerItemProxy */ = {
			isa = PBXContainerItemProxy;
			containerPortal = F65C08BF25D0DECB00FB806D /* Project object */;
			proxyType = 1;
			remoteGlobalIDString = F65C08C625D0DECC00FB806D;
			remoteInfo = flixter;
		};
		F65C08E925D0DED000FB806D /* PBXContainerItemProxy */ = {
			isa = PBXContainerItemProxy;
			containerPortal = F65C08BF25D0DECB00FB806D /* Project object */;
			proxyType = 1;
			remoteGlobalIDString = F65C08C625D0DECC00FB806D;
			remoteInfo = flixter;
		};
/* End PBXContainerItemProxy section */

/* Begin PBXFileReference section */
		40BF651A8734D8C5058D8383 /* Pods-flixter-flixterUITests.release.xcconfig */ = {isa = PBXFileReference; includeInIndex = 1; lastKnownFileType = text.xcconfig; name = "Pods-flixter-flixterUITests.release.xcconfig"; path = "Target Support Files/Pods-flixter-flixterUITests/Pods-flixter-flixterUITests.release.xcconfig"; sourceTree = "<group>"; };
		82C54FE5214652C51D223A94 /* Pods_flixter.framework */ = {isa = PBXFileReference; explicitFileType = wrapper.framework; includeInIndex = 0; path = Pods_flixter.framework; sourceTree = BUILT_PRODUCTS_DIR; };
		B0CE8CCDB69130774C60DE0A /* Pods-flixter.release.xcconfig */ = {isa = PBXFileReference; includeInIndex = 1; lastKnownFileType = text.xcconfig; name = "Pods-flixter.release.xcconfig"; path = "Target Support Files/Pods-flixter/Pods-flixter.release.xcconfig"; sourceTree = "<group>"; };
		BBE12F2173FE14C0F2744D11 /* Pods_flixterTests.framework */ = {isa = PBXFileReference; explicitFileType = wrapper.framework; includeInIndex = 0; path = Pods_flixterTests.framework; sourceTree = BUILT_PRODUCTS_DIR; };
		C4286AF8230A5AB53568E1D6 /* Pods-flixterTests.debug.xcconfig */ = {isa = PBXFileReference; includeInIndex = 1; lastKnownFileType = text.xcconfig; name = "Pods-flixterTests.debug.xcconfig"; path = "Target Support Files/Pods-flixterTests/Pods-flixterTests.debug.xcconfig"; sourceTree = "<group>"; };
		CB0F94E83FC9A373983FFAA0 /* Pods-flixterTests.release.xcconfig */ = {isa = PBXFileReference; includeInIndex = 1; lastKnownFileType = text.xcconfig; name = "Pods-flixterTests.release.xcconfig"; path = "Target Support Files/Pods-flixterTests/Pods-flixterTests.release.xcconfig"; sourceTree = "<group>"; };
		EBF9062D272B2F481A579E19 /* Pods-flixter-flixterUITests.debug.xcconfig */ = {isa = PBXFileReference; includeInIndex = 1; lastKnownFileType = text.xcconfig; name = "Pods-flixter-flixterUITests.debug.xcconfig"; path = "Target Support Files/Pods-flixter-flixterUITests/Pods-flixter-flixterUITests.debug.xcconfig"; sourceTree = "<group>"; };
		F0A323F16033EA4133EE23C7 /* Pods-flixter.debug.xcconfig */ = {isa = PBXFileReference; includeInIndex = 1; lastKnownFileType = text.xcconfig; name = "Pods-flixter.debug.xcconfig"; path = "Target Support Files/Pods-flixter/Pods-flixter.debug.xcconfig"; sourceTree = "<group>"; };
		F65C08C725D0DECC00FB806D /* flixter.app */ = {isa = PBXFileReference; explicitFileType = wrapper.application; includeInIndex = 0; path = flixter.app; sourceTree = BUILT_PRODUCTS_DIR; };
		F65C08CA25D0DECC00FB806D /* AppDelegate.swift */ = {isa = PBXFileReference; lastKnownFileType = sourcecode.swift; path = AppDelegate.swift; sourceTree = "<group>"; };
		F65C08CC25D0DECC00FB806D /* SceneDelegate.swift */ = {isa = PBXFileReference; lastKnownFileType = sourcecode.swift; path = SceneDelegate.swift; sourceTree = "<group>"; };
		F65C08CE25D0DECC00FB806D /* ViewController.swift */ = {isa = PBXFileReference; lastKnownFileType = sourcecode.swift; path = ViewController.swift; sourceTree = "<group>"; };
		F65C08D125D0DECC00FB806D /* Base */ = {isa = PBXFileReference; lastKnownFileType = file.storyboard; name = Base; path = Base.lproj/Main.storyboard; sourceTree = "<group>"; };
		F65C08D325D0DED000FB806D /* Assets.xcassets */ = {isa = PBXFileReference; lastKnownFileType = folder.assetcatalog; path = Assets.xcassets; sourceTree = "<group>"; };
		F65C08D625D0DED000FB806D /* Base */ = {isa = PBXFileReference; lastKnownFileType = file.storyboard; name = Base; path = Base.lproj/LaunchScreen.storyboard; sourceTree = "<group>"; };
		F65C08D825D0DED000FB806D /* Info.plist */ = {isa = PBXFileReference; lastKnownFileType = text.plist.xml; path = Info.plist; sourceTree = "<group>"; };
		F65C08DD25D0DED000FB806D /* flixterTests.xctest */ = {isa = PBXFileReference; explicitFileType = wrapper.cfbundle; includeInIndex = 0; path = flixterTests.xctest; sourceTree = BUILT_PRODUCTS_DIR; };
		F65C08E125D0DED000FB806D /* flixterTests.swift */ = {isa = PBXFileReference; lastKnownFileType = sourcecode.swift; path = flixterTests.swift; sourceTree = "<group>"; };
		F65C08E325D0DED000FB806D /* Info.plist */ = {isa = PBXFileReference; lastKnownFileType = text.plist.xml; path = Info.plist; sourceTree = "<group>"; };
		F65C08E825D0DED000FB806D /* flixterUITests.xctest */ = {isa = PBXFileReference; explicitFileType = wrapper.cfbundle; includeInIndex = 0; path = flixterUITests.xctest; sourceTree = BUILT_PRODUCTS_DIR; };
		F65C08EC25D0DED000FB806D /* flixterUITests.swift */ = {isa = PBXFileReference; lastKnownFileType = sourcecode.swift; path = flixterUITests.swift; sourceTree = "<group>"; };
		F65C08EE25D0DED000FB806D /* Info.plist */ = {isa = PBXFileReference; lastKnownFileType = text.plist.xml; path = Info.plist; sourceTree = "<group>"; };
		F65C090025D1028A00FB806D /* MoviesViewController.swift */ = {isa = PBXFileReference; lastKnownFileType = sourcecode.swift; path = MoviesViewController.swift; sourceTree = "<group>"; };
		F65C090525D1161500FB806D /* MovieCell.swift */ = {isa = PBXFileReference; lastKnownFileType = sourcecode.swift; path = MovieCell.swift; sourceTree = "<group>"; };
		F665430E25D7A03D00FE981F /* MovieDetailsViewController.swift */ = {isa = PBXFileReference; lastKnownFileType = sourcecode.swift; path = MovieDetailsViewController.swift; sourceTree = "<group>"; };
		F665431325D7BABF00FE981F /* MovieGridViewController.swift */ = {isa = PBXFileReference; lastKnownFileType = sourcecode.swift; path = MovieGridViewController.swift; sourceTree = "<group>"; };
		F665431825D7CA2800FE981F /* MovieGridCell.swift */ = {isa = PBXFileReference; lastKnownFileType = sourcecode.swift; path = MovieGridCell.swift; sourceTree = "<group>"; };
		FF4B6788E888431D833E92B9 /* Pods_flixter_flixterUITests.framework */ = {isa = PBXFileReference; explicitFileType = wrapper.framework; includeInIndex = 0; path = Pods_flixter_flixterUITests.framework; sourceTree = BUILT_PRODUCTS_DIR; };
/* End PBXFileReference section */

/* Begin PBXFrameworksBuildPhase section */
		F65C08C425D0DECC00FB806D /* Frameworks */ = {
			isa = PBXFrameworksBuildPhase;
			buildActionMask = 2147483647;
			files = (
				ECB06ECC09116B184515690C /* Pods_flixter.framework in Frameworks */,
			);
			runOnlyForDeploymentPostprocessing = 0;
		};
		F65C08DA25D0DED000FB806D /* Frameworks */ = {
			isa = PBXFrameworksBuildPhase;
			buildActionMask = 2147483647;
			files = (
				51E794A54FEF7D7C71A0A2E8 /* Pods_flixterTests.framework in Frameworks */,
			);
			runOnlyForDeploymentPostprocessing = 0;
		};
		F65C08E525D0DED000FB806D /* Frameworks */ = {
			isa = PBXFrameworksBuildPhase;
			buildActionMask = 2147483647;
			files = (
				A5609BE00E43F4EFE8422C1E /* Pods_flixter_flixterUITests.framework in Frameworks */,
			);
			runOnlyForDeploymentPostprocessing = 0;
		};
/* End PBXFrameworksBuildPhase section */

/* Begin PBXGroup section */
		3978EDDC6F9CB993F322F54E /* Frameworks */ = {
			isa = PBXGroup;
			children = (
				82C54FE5214652C51D223A94 /* Pods_flixter.framework */,
				FF4B6788E888431D833E92B9 /* Pods_flixter_flixterUITests.framework */,
				BBE12F2173FE14C0F2744D11 /* Pods_flixterTests.framework */,
			);
			name = Frameworks;
			sourceTree = "<group>";
		};
		AC4680ACB4C5EDD40AB21769 /* Pods */ = {
			isa = PBXGroup;
			children = (
				F0A323F16033EA4133EE23C7 /* Pods-flixter.debug.xcconfig */,
				B0CE8CCDB69130774C60DE0A /* Pods-flixter.release.xcconfig */,
				EBF9062D272B2F481A579E19 /* Pods-flixter-flixterUITests.debug.xcconfig */,
				40BF651A8734D8C5058D8383 /* Pods-flixter-flixterUITests.release.xcconfig */,
				C4286AF8230A5AB53568E1D6 /* Pods-flixterTests.debug.xcconfig */,
				CB0F94E83FC9A373983FFAA0 /* Pods-flixterTests.release.xcconfig */,
			);
			path = Pods;
			sourceTree = "<group>";
		};
		F65C08BE25D0DECB00FB806D = {
			isa = PBXGroup;
			children = (
				F65C08C925D0DECC00FB806D /* flixter */,
				F65C08E025D0DED000FB806D /* flixterTests */,
				F65C08EB25D0DED000FB806D /* flixterUITests */,
				F65C08C825D0DECC00FB806D /* Products */,
				AC4680ACB4C5EDD40AB21769 /* Pods */,
				3978EDDC6F9CB993F322F54E /* Frameworks */,
			);
			sourceTree = "<group>";
		};
		F65C08C825D0DECC00FB806D /* Products */ = {
			isa = PBXGroup;
			children = (
				F65C08C725D0DECC00FB806D /* flixter.app */,
				F65C08DD25D0DED000FB806D /* flixterTests.xctest */,
				F65C08E825D0DED000FB806D /* flixterUITests.xctest */,
			);
			name = Products;
			sourceTree = "<group>";
		};
		F65C08C925D0DECC00FB806D /* flixter */ = {
			isa = PBXGroup;
			children = (
				F65C08CA25D0DECC00FB806D /* AppDelegate.swift */,
				F65C08CC25D0DECC00FB806D /* SceneDelegate.swift */,
				F65C08CE25D0DECC00FB806D /* ViewController.swift */,
				F65C08D025D0DECC00FB806D /* Main.storyboard */,
				F65C08D325D0DED000FB806D /* Assets.xcassets */,
				F65C08D525D0DED000FB806D /* LaunchScreen.storyboard */,
				F65C08D825D0DED000FB806D /* Info.plist */,
				F65C090025D1028A00FB806D /* MoviesViewController.swift */,
				F65C090525D1161500FB806D /* MovieCell.swift */,
				F665430E25D7A03D00FE981F /* MovieDetailsViewController.swift */,
				F665431325D7BABF00FE981F /* MovieGridViewController.swift */,
				F665431825D7CA2800FE981F /* MovieGridCell.swift */,
			);
			path = flixter;
			sourceTree = "<group>";
		};
		F65C08E025D0DED000FB806D /* flixterTests */ = {
			isa = PBXGroup;
			children = (
				F65C08E125D0DED000FB806D /* flixterTests.swift */,
				F65C08E325D0DED000FB806D /* Info.plist */,
			);
			path = flixterTests;
			sourceTree = "<group>";
		};
		F65C08EB25D0DED000FB806D /* flixterUITests */ = {
			isa = PBXGroup;
			children = (
				F65C08EC25D0DED000FB806D /* flixterUITests.swift */,
				F65C08EE25D0DED000FB806D /* Info.plist */,
			);
			path = flixterUITests;
			sourceTree = "<group>";
		};
/* End PBXGroup section */

/* Begin PBXNativeTarget section */
		F65C08C625D0DECC00FB806D /* flixter */ = {
			isa = PBXNativeTarget;
			buildConfigurationList = F65C08F125D0DED000FB806D /* Build configuration list for PBXNativeTarget "flixter" */;
			buildPhases = (
				1891DF242571FC297BE55337 /* [CP] Check Pods Manifest.lock */,
				F65C08C325D0DECC00FB806D /* Sources */,
				F65C08C425D0DECC00FB806D /* Frameworks */,
				F65C08C525D0DECC00FB806D /* Resources */,
				B27C5B512BBC765AD4C3742F /* [CP] Embed Pods Frameworks */,
			);
			buildRules = (
			);
			dependencies = (
			);
			name = flixter;
			productName = flixter;
			productReference = F65C08C725D0DECC00FB806D /* flixter.app */;
			productType = "com.apple.product-type.application";
		};
		F65C08DC25D0DED000FB806D /* flixterTests */ = {
			isa = PBXNativeTarget;
			buildConfigurationList = F65C08F425D0DED000FB806D /* Build configuration list for PBXNativeTarget "flixterTests" */;
			buildPhases = (
				1D8B2E76219D18ED3F47831C /* [CP] Check Pods Manifest.lock */,
				F65C08D925D0DED000FB806D /* Sources */,
				F65C08DA25D0DED000FB806D /* Frameworks */,
				F65C08DB25D0DED000FB806D /* Resources */,
			);
			buildRules = (
			);
			dependencies = (
				F65C08DF25D0DED000FB806D /* PBXTargetDependency */,
			);
			name = flixterTests;
			productName = flixterTests;
			productReference = F65C08DD25D0DED000FB806D /* flixterTests.xctest */;
			productType = "com.apple.product-type.bundle.unit-test";
		};
		F65C08E725D0DED000FB806D /* flixterUITests */ = {
			isa = PBXNativeTarget;
			buildConfigurationList = F65C08F725D0DED000FB806D /* Build configuration list for PBXNativeTarget "flixterUITests" */;
			buildPhases = (
				EFF0375B171A83ECB88D519F /* [CP] Check Pods Manifest.lock */,
				F65C08E425D0DED000FB806D /* Sources */,
				F65C08E525D0DED000FB806D /* Frameworks */,
				F65C08E625D0DED000FB806D /* Resources */,
				5C3E7315298BD090735F9E81 /* [CP] Embed Pods Frameworks */,
			);
			buildRules = (
			);
			dependencies = (
				F65C08EA25D0DED000FB806D /* PBXTargetDependency */,
			);
			name = flixterUITests;
			productName = flixterUITests;
			productReference = F65C08E825D0DED000FB806D /* flixterUITests.xctest */;
			productType = "com.apple.product-type.bundle.ui-testing";
		};
/* End PBXNativeTarget section */

/* Begin PBXProject section */
		F65C08BF25D0DECB00FB806D /* Project object */ = {
			isa = PBXProject;
			attributes = {
				LastSwiftUpdateCheck = 1230;
				LastUpgradeCheck = 1230;
				TargetAttributes = {
					F65C08C625D0DECC00FB806D = {
						CreatedOnToolsVersion = 12.3;
					};
					F65C08DC25D0DED000FB806D = {
						CreatedOnToolsVersion = 12.3;
						TestTargetID = F65C08C625D0DECC00FB806D;
					};
					F65C08E725D0DED000FB806D = {
						CreatedOnToolsVersion = 12.3;
						TestTargetID = F65C08C625D0DECC00FB806D;
					};
				};
			};
			buildConfigurationList = F65C08C225D0DECC00FB806D /* Build configuration list for PBXProject "flixter" */;
			compatibilityVersion = "Xcode 9.3";
			developmentRegion = en;
			hasScannedForEncodings = 0;
			knownRegions = (
				en,
				Base,
			);
			mainGroup = F65C08BE25D0DECB00FB806D;
			productRefGroup = F65C08C825D0DECC00FB806D /* Products */;
			projectDirPath = "";
			projectRoot = "";
			targets = (
				F65C08C625D0DECC00FB806D /* flixter */,
				F65C08DC25D0DED000FB806D /* flixterTests */,
				F65C08E725D0DED000FB806D /* flixterUITests */,
			);
		};
/* End PBXProject section */

/* Begin PBXResourcesBuildPhase section */
		F65C08C525D0DECC00FB806D /* Resources */ = {
			isa = PBXResourcesBuildPhase;
			buildActionMask = 2147483647;
			files = (
				F65C08D725D0DED000FB806D /* LaunchScreen.storyboard in Resources */,
				F65C08D425D0DED000FB806D /* Assets.xcassets in Resources */,
				F65C08D225D0DECC00FB806D /* Main.storyboard in Resources */,
			);
			runOnlyForDeploymentPostprocessing = 0;
		};
		F65C08DB25D0DED000FB806D /* Resources */ = {
			isa = PBXResourcesBuildPhase;
			buildActionMask = 2147483647;
			files = (
			);
			runOnlyForDeploymentPostprocessing = 0;
		};
		F65C08E625D0DED000FB806D /* Resources */ = {
			isa = PBXResourcesBuildPhase;
			buildActionMask = 2147483647;
			files = (
			);
			runOnlyForDeploymentPostprocessing = 0;
		};
/* End PBXResourcesBuildPhase section */

/* Begin PBXShellScriptBuildPhase section */
		1891DF242571FC297BE55337 /* [CP] Check Pods Manifest.lock */ = {
			isa = PBXShellScriptBuildPhase;
			buildActionMask = 2147483647;
			files = (
			);
			inputFileListPaths = (
			);
			inputPaths = (
				"${PODS_PODFILE_DIR_PATH}/Podfile.lock",
				"${PODS_ROOT}/Manifest.lock",
			);
			name = "[CP] Check Pods Manifest.lock";
			outputFileListPaths = (
			);
			outputPaths = (
				"$(DERIVED_FILE_DIR)/Pods-flixter-checkManifestLockResult.txt",
			);
			runOnlyForDeploymentPostprocessing = 0;
			shellPath = /bin/sh;
			shellScript = "diff \"${PODS_PODFILE_DIR_PATH}/Podfile.lock\" \"${PODS_ROOT}/Manifest.lock\" > /dev/null\nif [ $? != 0 ] ; then\n    # print error to STDERR\n    echo \"error: The sandbox is not in sync with the Podfile.lock. Run 'pod install' or update your CocoaPods installation.\" >&2\n    exit 1\nfi\n# This output is used by Xcode 'outputs' to avoid re-running this script phase.\necho \"SUCCESS\" > \"${SCRIPT_OUTPUT_FILE_0}\"\n";
			showEnvVarsInLog = 0;
		};
		1D8B2E76219D18ED3F47831C /* [CP] Check Pods Manifest.lock */ = {
			isa = PBXShellScriptBuildPhase;
			buildActionMask = 2147483647;
			files = (
			);
			inputFileListPaths = (
			);
			inputPaths = (
				"${PODS_PODFILE_DIR_PATH}/Podfile.lock",
				"${PODS_ROOT}/Manifest.lock",
			);
			name = "[CP] Check Pods Manifest.lock";
			outputFileListPaths = (
			);
			outputPaths = (
				"$(DERIVED_FILE_DIR)/Pods-flixterTests-checkManifestLockResult.txt",
			);
			runOnlyForDeploymentPostprocessing = 0;
			shellPath = /bin/sh;
			shellScript = "diff \"${PODS_PODFILE_DIR_PATH}/Podfile.lock\" \"${PODS_ROOT}/Manifest.lock\" > /dev/null\nif [ $? != 0 ] ; then\n    # print error to STDERR\n    echo \"error: The sandbox is not in sync with the Podfile.lock. Run 'pod install' or update your CocoaPods installation.\" >&2\n    exit 1\nfi\n# This output is used by Xcode 'outputs' to avoid re-running this script phase.\necho \"SUCCESS\" > \"${SCRIPT_OUTPUT_FILE_0}\"\n";
			showEnvVarsInLog = 0;
		};
		5C3E7315298BD090735F9E81 /* [CP] Embed Pods Frameworks */ = {
			isa = PBXShellScriptBuildPhase;
			buildActionMask = 2147483647;
			files = (
			);
			inputFileListPaths = (
				"${PODS_ROOT}/Target Support Files/Pods-flixter-flixterUITests/Pods-flixter-flixterUITests-frameworks-${CONFIGURATION}-input-files.xcfilelist",
			);
			name = "[CP] Embed Pods Frameworks";
			outputFileListPaths = (
				"${PODS_ROOT}/Target Support Files/Pods-flixter-flixterUITests/Pods-flixter-flixterUITests-frameworks-${CONFIGURATION}-output-files.xcfilelist",
			);
			runOnlyForDeploymentPostprocessing = 0;
			shellPath = /bin/sh;
			shellScript = "\"${PODS_ROOT}/Target Support Files/Pods-flixter-flixterUITests/Pods-flixter-flixterUITests-frameworks.sh\"\n";
			showEnvVarsInLog = 0;
		};
		B27C5B512BBC765AD4C3742F /* [CP] Embed Pods Frameworks */ = {
			isa = PBXShellScriptBuildPhase;
			buildActionMask = 2147483647;
			files = (
			);
			inputFileListPaths = (
				"${PODS_ROOT}/Target Support Files/Pods-flixter/Pods-flixter-frameworks-${CONFIGURATION}-input-files.xcfilelist",
			);
			name = "[CP] Embed Pods Frameworks";
			outputFileListPaths = (
				"${PODS_ROOT}/Target Support Files/Pods-flixter/Pods-flixter-frameworks-${CONFIGURATION}-output-files.xcfilelist",
			);
			runOnlyForDeploymentPostprocessing = 0;
			shellPath = /bin/sh;
			shellScript = "\"${PODS_ROOT}/Target Support Files/Pods-flixter/Pods-flixter-frameworks.sh\"\n";
			showEnvVarsInLog = 0;
		};
		EFF0375B171A83ECB88D519F /* [CP] Check Pods Manifest.lock */ = {
			isa = PBXShellScriptBuildPhase;
			buildActionMask = 2147483647;
			files = (
			);
			inputFileListPaths = (
			);
			inputPaths = (
				"${PODS_PODFILE_DIR_PATH}/Podfile.lock",
				"${PODS_ROOT}/Manifest.lock",
			);
			name = "[CP] Check Pods Manifest.lock";
			outputFileListPaths = (
			);
			outputPaths = (
				"$(DERIVED_FILE_DIR)/Pods-flixter-flixterUITests-checkManifestLockResult.txt",
			);
			runOnlyForDeploymentPostprocessing = 0;
			shellPath = /bin/sh;
			shellScript = "diff \"${PODS_PODFILE_DIR_PATH}/Podfile.lock\" \"${PODS_ROOT}/Manifest.lock\" > /dev/null\nif [ $? != 0 ] ; then\n    # print error to STDERR\n    echo \"error: The sandbox is not in sync with the Podfile.lock. Run 'pod install' or update your CocoaPods installation.\" >&2\n    exit 1\nfi\n# This output is used by Xcode 'outputs' to avoid re-running this script phase.\necho \"SUCCESS\" > \"${SCRIPT_OUTPUT_FILE_0}\"\n";
			showEnvVarsInLog = 0;
		};
/* End PBXShellScriptBuildPhase section */

/* Begin PBXSourcesBuildPhase section */
		F65C08C325D0DECC00FB806D /* Sources */ = {
			isa = PBXSourcesBuildPhase;
			buildActionMask = 2147483647;
			files = (
				F65C08CF25D0DECC00FB806D /* ViewController.swift in Sources */,
				F65C08CB25D0DECC00FB806D /* AppDelegate.swift in Sources */,
				F665430F25D7A03D00FE981F /* MovieDetailsViewController.swift in Sources */,
				F665431425D7BABF00FE981F /* MovieGridViewController.swift in Sources */,
				F665431925D7CA2800FE981F /* MovieGridCell.swift in Sources */,
				F65C08CD25D0DECC00FB806D /* SceneDelegate.swift in Sources */,
				F65C090625D1161500FB806D /* MovieCell.swift in Sources */,
				F65C090125D1028A00FB806D /* MoviesViewController.swift in Sources */,
			);
			runOnlyForDeploymentPostprocessing = 0;
		};
		F65C08D925D0DED000FB806D /* Sources */ = {
			isa = PBXSourcesBuildPhase;
			buildActionMask = 2147483647;
			files = (
				F65C08E225D0DED000FB806D /* flixterTests.swift in Sources */,
			);
			runOnlyForDeploymentPostprocessing = 0;
		};
		F65C08E425D0DED000FB806D /* Sources */ = {
			isa = PBXSourcesBuildPhase;
			buildActionMask = 2147483647;
			files = (
				F65C08ED25D0DED000FB806D /* flixterUITests.swift in Sources */,
			);
			runOnlyForDeploymentPostprocessing = 0;
		};
/* End PBXSourcesBuildPhase section */

/* Begin PBXTargetDependency section */
		F65C08DF25D0DED000FB806D /* PBXTargetDependency */ = {
			isa = PBXTargetDependency;
			target = F65C08C625D0DECC00FB806D /* flixter */;
			targetProxy = F65C08DE25D0DED000FB806D /* PBXContainerItemProxy */;
		};
		F65C08EA25D0DED000FB806D /* PBXTargetDependency */ = {
			isa = PBXTargetDependency;
			target = F65C08C625D0DECC00FB806D /* flixter */;
			targetProxy = F65C08E925D0DED000FB806D /* PBXContainerItemProxy */;
		};
/* End PBXTargetDependency section */

/* Begin PBXVariantGroup section */
		F65C08D025D0DECC00FB806D /* Main.storyboard */ = {
			isa = PBXVariantGroup;
			children = (
				F65C08D125D0DECC00FB806D /* Base */,
			);
			name = Main.storyboard;
			sourceTree = "<group>";
		};
		F65C08D525D0DED000FB806D /* LaunchScreen.storyboard */ = {
			isa = PBXVariantGroup;
			children = (
				F65C08D625D0DED000FB806D /* Base */,
			);
			name = LaunchScreen.storyboard;
			sourceTree = "<group>";
		};
/* End PBXVariantGroup section */

/* Begin XCBuildConfiguration section */
		F65C08EF25D0DED000FB806D /* Debug */ = {
			isa = XCBuildConfiguration;
			buildSettings = {
				ALWAYS_SEARCH_USER_PATHS = NO;
				CLANG_ANALYZER_NONNULL = YES;
				CLANG_ANALYZER_NUMBER_OBJECT_CONVERSION = YES_AGGRESSIVE;
				CLANG_CXX_LANGUAGE_STANDARD = "gnu++14";
				CLANG_CXX_LIBRARY = "libc++";
				CLANG_ENABLE_MODULES = YES;
				CLANG_ENABLE_OBJC_ARC = YES;
				CLANG_ENABLE_OBJC_WEAK = YES;
				CLANG_WARN_BLOCK_CAPTURE_AUTORELEASING = YES;
				CLANG_WARN_BOOL_CONVERSION = YES;
				CLANG_WARN_COMMA = YES;
				CLANG_WARN_CONSTANT_CONVERSION = YES;
				CLANG_WARN_DEPRECATED_OBJC_IMPLEMENTATIONS = YES;
				CLANG_WARN_DIRECT_OBJC_ISA_USAGE = YES_ERROR;
				CLANG_WARN_DOCUMENTATION_COMMENTS = YES;
				CLANG_WARN_EMPTY_BODY = YES;
				CLANG_WARN_ENUM_CONVERSION = YES;
				CLANG_WARN_INFINITE_RECURSION = YES;
				CLANG_WARN_INT_CONVERSION = YES;
				CLANG_WARN_NON_LITERAL_NULL_CONVERSION = YES;
				CLANG_WARN_OBJC_IMPLICIT_RETAIN_SELF = YES;
				CLANG_WARN_OBJC_LITERAL_CONVERSION = YES;
				CLANG_WARN_OBJC_ROOT_CLASS = YES_ERROR;
				CLANG_WARN_QUOTED_INCLUDE_IN_FRAMEWORK_HEADER = YES;
				CLANG_WARN_RANGE_LOOP_ANALYSIS = YES;
				CLANG_WARN_STRICT_PROTOTYPES = YES;
				CLANG_WARN_SUSPICIOUS_MOVE = YES;
				CLANG_WARN_UNGUARDED_AVAILABILITY = YES_AGGRESSIVE;
				CLANG_WARN_UNREACHABLE_CODE = YES;
				CLANG_WARN__DUPLICATE_METHOD_MATCH = YES;
				COPY_PHASE_STRIP = NO;
				DEBUG_INFORMATION_FORMAT = dwarf;
				ENABLE_STRICT_OBJC_MSGSEND = YES;
				ENABLE_TESTABILITY = YES;
				GCC_C_LANGUAGE_STANDARD = gnu11;
				GCC_DYNAMIC_NO_PIC = NO;
				GCC_NO_COMMON_BLOCKS = YES;
				GCC_OPTIMIZATION_LEVEL = 0;
				GCC_PREPROCESSOR_DEFINITIONS = (
					"DEBUG=1",
					"$(inherited)",
				);
				GCC_WARN_64_TO_32_BIT_CONVERSION = YES;
				GCC_WARN_ABOUT_RETURN_TYPE = YES_ERROR;
				GCC_WARN_UNDECLARED_SELECTOR = YES;
				GCC_WARN_UNINITIALIZED_AUTOS = YES_AGGRESSIVE;
				GCC_WARN_UNUSED_FUNCTION = YES;
				GCC_WARN_UNUSED_VARIABLE = YES;
				IPHONEOS_DEPLOYMENT_TARGET = 14.3;
				MTL_ENABLE_DEBUG_INFO = INCLUDE_SOURCE;
				MTL_FAST_MATH = YES;
				ONLY_ACTIVE_ARCH = YES;
				SDKROOT = iphoneos;
				SWIFT_ACTIVE_COMPILATION_CONDITIONS = DEBUG;
				SWIFT_OPTIMIZATION_LEVEL = "-Onone";
			};
			name = Debug;
		};
		F65C08F025D0DED000FB806D /* Release */ = {
			isa = XCBuildConfiguration;
			buildSettings = {
				ALWAYS_SEARCH_USER_PATHS = NO;
				CLANG_ANALYZER_NONNULL = YES;
				CLANG_ANALYZER_NUMBER_OBJECT_CONVERSION = YES_AGGRESSIVE;
				CLANG_CXX_LANGUAGE_STANDARD = "gnu++14";
				CLANG_CXX_LIBRARY = "libc++";
				CLANG_ENABLE_MODULES = YES;
				CLANG_ENABLE_OBJC_ARC = YES;
				CLANG_ENABLE_OBJC_WEAK = YES;
				CLANG_WARN_BLOCK_CAPTURE_AUTORELEASING = YES;
				CLANG_WARN_BOOL_CONVERSION = YES;
				CLANG_WARN_COMMA = YES;
				CLANG_WARN_CONSTANT_CONVERSION = YES;
				CLANG_WARN_DEPRECATED_OBJC_IMPLEMENTATIONS = YES;
				CLANG_WARN_DIRECT_OBJC_ISA_USAGE = YES_ERROR;
				CLANG_WARN_DOCUMENTATION_COMMENTS = YES;
				CLANG_WARN_EMPTY_BODY = YES;
				CLANG_WARN_ENUM_CONVERSION = YES;
				CLANG_WARN_INFINITE_RECURSION = YES;
				CLANG_WARN_INT_CONVERSION = YES;
				CLANG_WARN_NON_LITERAL_NULL_CONVERSION = YES;
				CLANG_WARN_OBJC_IMPLICIT_RETAIN_SELF = YES;
				CLANG_WARN_OBJC_LITERAL_CONVERSION = YES;
				CLANG_WARN_OBJC_ROOT_CLASS = YES_ERROR;
				CLANG_WARN_QUOTED_INCLUDE_IN_FRAMEWORK_HEADER = YES;
				CLANG_WARN_RANGE_LOOP_ANALYSIS = YES;
				CLANG_WARN_STRICT_PROTOTYPES = YES;
				CLANG_WARN_SUSPICIOUS_MOVE = YES;
				CLANG_WARN_UNGUARDED_AVAILABILITY = YES_AGGRESSIVE;
				CLANG_WARN_UNREACHABLE_CODE = YES;
				CLANG_WARN__DUPLICATE_METHOD_MATCH = YES;
				COPY_PHASE_STRIP = NO;
				DEBUG_INFORMATION_FORMAT = "dwarf-with-dsym";
				ENABLE_NS_ASSERTIONS = NO;
				ENABLE_STRICT_OBJC_MSGSEND = YES;
				GCC_C_LANGUAGE_STANDARD = gnu11;
				GCC_NO_COMMON_BLOCKS = YES;
				GCC_WARN_64_TO_32_BIT_CONVERSION = YES;
				GCC_WARN_ABOUT_RETURN_TYPE = YES_ERROR;
				GCC_WARN_UNDECLARED_SELECTOR = YES;
				GCC_WARN_UNINITIALIZED_AUTOS = YES_AGGRESSIVE;
				GCC_WARN_UNUSED_FUNCTION = YES;
				GCC_WARN_UNUSED_VARIABLE = YES;
				IPHONEOS_DEPLOYMENT_TARGET = 14.3;
				MTL_ENABLE_DEBUG_INFO = NO;
				MTL_FAST_MATH = YES;
				SDKROOT = iphoneos;
				SWIFT_COMPILATION_MODE = wholemodule;
				SWIFT_OPTIMIZATION_LEVEL = "-O";
				VALIDATE_PRODUCT = YES;
			};
			name = Release;
		};
		F65C08F225D0DED000FB806D /* Debug */ = {
			isa = XCBuildConfiguration;
			baseConfigurationReference = F0A323F16033EA4133EE23C7 /* Pods-flixter.debug.xcconfig */;
			buildSettings = {
				ASSETCATALOG_COMPILER_APPICON_NAME = AppIcon;
				ASSETCATALOG_COMPILER_GLOBAL_ACCENT_COLOR_NAME = AccentColor;
				CODE_SIGN_STYLE = Automatic;
				INFOPLIST_FILE = flixter/Info.plist;
				LD_RUNPATH_SEARCH_PATHS = (
					"$(inherited)",
					"@executable_path/Frameworks",
				);
				PRODUCT_BUNDLE_IDENTIFIER = memo.com.flixter;
				PRODUCT_NAME = "$(TARGET_NAME)";
				SWIFT_VERSION = 5.0;
				TARGETED_DEVICE_FAMILY = "1,2";
			};
			name = Debug;
		};
		F65C08F325D0DED000FB806D /* Release */ = {
			isa = XCBuildConfiguration;
			baseConfigurationReference = B0CE8CCDB69130774C60DE0A /* Pods-flixter.release.xcconfig */;
			buildSettings = {
				ASSETCATALOG_COMPILER_APPICON_NAME = AppIcon;
				ASSETCATALOG_COMPILER_GLOBAL_ACCENT_COLOR_NAME = AccentColor;
				CODE_SIGN_STYLE = Automatic;
				INFOPLIST_FILE = flixter/Info.plist;
				LD_RUNPATH_SEARCH_PATHS = (
					"$(inherited)",
					"@executable_path/Frameworks",
				);
				PRODUCT_BUNDLE_IDENTIFIER = memo.com.flixter;
				PRODUCT_NAME = "$(TARGET_NAME)";
				SWIFT_VERSION = 5.0;
				TARGETED_DEVICE_FAMILY = "1,2";
			};
			name = Release;
		};
		F65C08F525D0DED000FB806D /* Debug */ = {
			isa = XCBuildConfiguration;
			baseConfigurationReference = C4286AF8230A5AB53568E1D6 /* Pods-flixterTests.debug.xcconfig */;
			buildSettings = {
				ALWAYS_EMBED_SWIFT_STANDARD_LIBRARIES = YES;
				BUNDLE_LOADER = "$(TEST_HOST)";
				CODE_SIGN_STYLE = Automatic;
				INFOPLIST_FILE = flixterTests/Info.plist;
				IPHONEOS_DEPLOYMENT_TARGET = 14.3;
				LD_RUNPATH_SEARCH_PATHS = (
					"$(inherited)",
					"@executable_path/Frameworks",
					"@loader_path/Frameworks",
				);
				PRODUCT_BUNDLE_IDENTIFIER = memo.com.flixterTests;
				PRODUCT_NAME = "$(TARGET_NAME)";
				SWIFT_VERSION = 5.0;
				TARGETED_DEVICE_FAMILY = "1,2";
				TEST_HOST = "$(BUILT_PRODUCTS_DIR)/flixter.app/flixter";
			};
			name = Debug;
		};
		F65C08F625D0DED000FB806D /* Release */ = {
			isa = XCBuildConfiguration;
			baseConfigurationReference = CB0F94E83FC9A373983FFAA0 /* Pods-flixterTests.release.xcconfig */;
			buildSettings = {
				ALWAYS_EMBED_SWIFT_STANDARD_LIBRARIES = YES;
				BUNDLE_LOADER = "$(TEST_HOST)";
				CODE_SIGN_STYLE = Automatic;
				INFOPLIST_FILE = flixterTests/Info.plist;
				IPHONEOS_DEPLOYMENT_TARGET = 14.3;
				LD_RUNPATH_SEARCH_PATHS = (
					"$(inherited)",
					"@executable_path/Frameworks",
					"@loader_path/Frameworks",
				);
				PRODUCT_BUNDLE_IDENTIFIER = memo.com.flixterTests;
				PRODUCT_NAME = "$(TARGET_NAME)";
				SWIFT_VERSION = 5.0;
				TARGETED_DEVICE_FAMILY = "1,2";
				TEST_HOST = "$(BUILT_PRODUCTS_DIR)/flixter.app/flixter";
			};
			name = Release;
		};
		F65C08F825D0DED000FB806D /* Debug */ = {
			isa = XCBuildConfiguration;
			baseConfigurationReference = EBF9062D272B2F481A579E19 /* Pods-flixter-flixterUITests.debug.xcconfig */;
			buildSettings = {
				ALWAYS_EMBED_SWIFT_STANDARD_LIBRARIES = YES;
				CODE_SIGN_STYLE = Automatic;
				INFOPLIST_FILE = flixterUITests/Info.plist;
				LD_RUNPATH_SEARCH_PATHS = (
					"$(inherited)",
					"@executable_path/Frameworks",
					"@loader_path/Frameworks",
				);
				PRODUCT_BUNDLE_IDENTIFIER = memo.com.flixterUITests;
				PRODUCT_NAME = "$(TARGET_NAME)";
				SWIFT_VERSION = 5.0;
				TARGETED_DEVICE_FAMILY = "1,2";
				TEST_TARGET_NAME = flixter;
			};
			name = Debug;
		};
		F65C08F925D0DED000FB806D /* Release */ = {
			isa = XCBuildConfiguration;
			baseConfigurationReference = 40BF651A8734D8C5058D8383 /* Pods-flixter-flixterUITests.release.xcconfig */;
			buildSettings = {
				ALWAYS_EMBED_SWIFT_STANDARD_LIBRARIES = YES;
				CODE_SIGN_STYLE = Automatic;
				INFOPLIST_FILE = flixterUITests/Info.plist;
				LD_RUNPATH_SEARCH_PATHS = (
					"$(inherited)",
					"@executable_path/Frameworks",
					"@loader_path/Frameworks",
				);
				PRODUCT_BUNDLE_IDENTIFIER = memo.com.flixterUITests;
				PRODUCT_NAME = "$(TARGET_NAME)";
				SWIFT_VERSION = 5.0;
				TARGETED_DEVICE_FAMILY = "1,2";
				TEST_TARGET_NAME = flixter;
			};
			name = Release;
		};
/* End XCBuildConfiguration section */

/* Begin XCConfigurationList section */
		F65C08C225D0DECC00FB806D /* Build configuration list for PBXProject "flixter" */ = {
			isa = XCConfigurationList;
			buildConfigurations = (
				F65C08EF25D0DED000FB806D /* Debug */,
				F65C08F025D0DED000FB806D /* Release */,
			);
			defaultConfigurationIsVisible = 0;
			defaultConfigurationName = Release;
		};
		F65C08F125D0DED000FB806D /* Build configuration list for PBXNativeTarget "flixter" */ = {
			isa = XCConfigurationList;
			buildConfigurations = (
				F65C08F225D0DED000FB806D /* Debug */,
				F65C08F325D0DED000FB806D /* Release */,
			);
			defaultConfigurationIsVisible = 0;
			defaultConfigurationName = Release;
		};
		F65C08F425D0DED000FB806D /* Build configuration list for PBXNativeTarget "flixterTests" */ = {
			isa = XCConfigurationList;
			buildConfigurations = (
				F65C08F525D0DED000FB806D /* Debug */,
				F65C08F625D0DED000FB806D /* Release */,
			);
			defaultConfigurationIsVisible = 0;
			defaultConfigurationName = Release;
		};
		F65C08F725D0DED000FB806D /* Build configuration list for PBXNativeTarget "flixterUITests" */ = {
			isa = XCConfigurationList;
			buildConfigurations = (
				F65C08F825D0DED000FB806D /* Debug */,
				F65C08F925D0DED000FB806D /* Release */,
			);
			defaultConfigurationIsVisible = 0;
			defaultConfigurationName = Release;
		};
/* End XCConfigurationList section */
	};
	rootObject = F65C08BF25D0DECB00FB806D /* Project object */;
}
